
Microsoft Visual Studio Solution File, Format Version 12.00
# Visual Studio Version 16
VisualStudioVersion = 16.0.30517.126
MinimumVisualStudioVersion = 10.0.40219.1
Project("{9A19103F-16F7-4668-BE54-9A1E7A4F7556}") = "XiangJiang.Windows", "XiangJiang.Windows\XiangJiang.Windows.csproj", "{FFAC56EF-1B08-4DEF-95E8-3511FAD28BE6}"
EndProject
Project("{FAE04EC0-301F-11D3-BF4B-00C04F79EFBC}") = "XiangJiang.WindowsTests", "XiangJiang.WindowsTests\XiangJiang.WindowsTests.csproj", "{62FBC91E-C020-4883-BA8E-910131994E66}"
EndProject
Global
	GlobalSection(SolutionConfigurationPlatforms) = preSolution
		Debug|Any CPU = Debug|Any CPU
		Release|Any CPU = Release|Any CPU
	EndGlobalSection
	GlobalSection(ProjectConfigurationPlatforms) = postSolution
		{FFAC56EF-1B08-4DEF-95E8-3511FAD28BE6}.Debug|Any CPU.ActiveCfg = Debug|Any CPU
		{FFAC56EF-1B08-4DEF-95E8-3511FAD28BE6}.Debug|Any CPU.Build.0 = Debug|Any CPU
		{FFAC56EF-1B08-4DEF-95E8-3511FAD28BE6}.Release|Any CPU.ActiveCfg = Release|Any CPU
		{FFAC56EF-1B08-4DEF-95E8-3511FAD28BE6}.Release|Any CPU.Build.0 = Release|Any CPU
		{62FBC91E-C020-4883-BA8E-910131994E66}.Debug|Any CPU.ActiveCfg = Debug|Any CPU
		{62FBC91E-C020-4883-BA8E-910131994E66}.Debug|Any CPU.Build.0 = Debug|Any CPU
		{62FBC91E-C020-4883-BA8E-910131994E66}.Release|Any CPU.ActiveCfg = Release|Any CPU
		{62FBC91E-C020-4883-BA8E-910131994E66}.Release|Any CPU.Build.0 = Release|Any CPU
	EndGlobalSection
	GlobalSection(SolutionProperties) = preSolution
		HideSolutionNode = FALSE
	EndGlobalSection
	GlobalSection(ExtensibilityGlobals) = postSolution
		SolutionGuid = {FED2395A-6F3D-471B-B89F-38C095B3C635}
	EndGlobalSection
EndGlobal
